
Microsoft Visual Studio Solution File, Format Version 12.00
# Visual Studio 15
VisualStudioVersion = 15.0.26430.16
MinimumVisualStudioVersion = 10.0.40219.1
Project("{FAE04EC0-301F-11D3-BF4B-00C04F79EFBC}") = "HandySync", "HandySyncService\HandySync.csproj", "{5B5F199A-31DB-4765-B573-FCF6613987FC}"
EndProject
Project("{54435603-DBB4-11D2-8724-00A0C9A8B90C}") = "HandySyncTaskSetup", "HandySyncTaskSetup\HandySyncTaskSetup.vdproj", "{A31067A6-A565-454D-AEE4-692F0D1153FF}"
EndProject
Project("{FAE04EC0-301F-11D3-BF4B-00C04F79EFBC}") = "HandySyncTaskInstaller", "HandySyncTaskInstaller\HandySyncTaskInstaller.csproj", "{B59B732F-CFA0-4DC8-9158-20B2F7EEDE53}"
EndProject
Global
	GlobalSection(SolutionConfigurationPlatforms) = preSolution
		Debug|Any CPU = Debug|Any CPU
		Release|Any CPU = Release|Any CPU
	EndGlobalSection
	GlobalSection(ProjectConfigurationPlatforms) = postSolution
		{5B5F199A-31DB-4765-B573-FCF6613987FC}.Debug|Any CPU.ActiveCfg = Debug|Any CPU
		{5B5F199A-31DB-4765-B573-FCF6613987FC}.Debug|Any CPU.Build.0 = Debug|Any CPU
		{5B5F199A-31DB-4765-B573-FCF6613987FC}.Release|Any CPU.ActiveCfg = Release|Any CPU
		{5B5F199A-31DB-4765-B573-FCF6613987FC}.Release|Any CPU.Build.0 = Release|Any CPU
		{A31067A6-A565-454D-AEE4-692F0D1153FF}.Debug|Any CPU.ActiveCfg = Debug
		{A31067A6-A565-454D-AEE4-692F0D1153FF}.Release|Any CPU.ActiveCfg = Release
		{B59B732F-CFA0-4DC8-9158-20B2F7EEDE53}.Debug|Any CPU.ActiveCfg = Debug|Any CPU
		{B59B732F-CFA0-4DC8-9158-20B2F7EEDE53}.Debug|Any CPU.Build.0 = Debug|Any CPU
		{B59B732F-CFA0-4DC8-9158-20B2F7EEDE53}.Release|Any CPU.ActiveCfg = Release|Any CPU
		{B59B732F-CFA0-4DC8-9158-20B2F7EEDE53}.Release|Any CPU.Build.0 = Release|Any CPU
	EndGlobalSection
	GlobalSection(SolutionProperties) = preSolution
		HideSolutionNode = FALSE
	EndGlobalSection
EndGlobal
